
Microsoft Visual Studio Solution File, Format Version 12.00
# Visual Studio Version 17
VisualStudioVersion = 17.3.32929.385
MinimumVisualStudioVersion = 10.0.40219.1
Project("{FAE04EC0-301F-11D3-BF4B-00C04F79EFBC}") = "lab2testingSpecFlow", "lab2testingSpecFlow\lab2testingSpecFlow.csproj", "{77C3AC55-8BC6-4EF4-9278-C57543EB194C}"
EndProject
Project("{FAE04EC0-301F-11D3-BF4B-00C04F79EFBC}") = "PageObject", "PageObject\PageObject.csproj", "{D8D6C248-D98B-4465-A791-BEAD4886F3CA}"
EndProject
Global
	GlobalSection(SolutionConfigurationPlatforms) = preSolution
		Debug|Any CPU = Debug|Any CPU
		Release|Any CPU = Release|Any CPU
	EndGlobalSection
	GlobalSection(ProjectConfigurationPlatforms) = postSolution
		{77C3AC55-8BC6-4EF4-9278-C57543EB194C}.Debug|Any CPU.ActiveCfg = Debug|Any CPU
		{77C3AC55-8BC6-4EF4-9278-C57543EB194C}.Debug|Any CPU.Build.0 = Debug|Any CPU
		{77C3AC55-8BC6-4EF4-9278-C57543EB194C}.Release|Any CPU.ActiveCfg = Release|Any CPU
		{77C3AC55-8BC6-4EF4-9278-C57543EB194C}.Release|Any CPU.Build.0 = Release|Any CPU
		{D8D6C248-D98B-4465-A791-BEAD4886F3CA}.Debug|Any CPU.ActiveCfg = Debug|Any CPU
		{D8D6C248-D98B-4465-A791-BEAD4886F3CA}.Debug|Any CPU.Build.0 = Debug|Any CPU
		{D8D6C248-D98B-4465-A791-BEAD4886F3CA}.Release|Any CPU.ActiveCfg = Release|Any CPU
		{D8D6C248-D98B-4465-A791-BEAD4886F3CA}.Release|Any CPU.Build.0 = Release|Any CPU
	EndGlobalSection
	GlobalSection(SolutionProperties) = preSolution
		HideSolutionNode = FALSE
	EndGlobalSection
	GlobalSection(ExtensibilityGlobals) = postSolution
		SolutionGuid = {8828467A-7F2F-4E3C-A7EB-3AA34A495BE8}
	EndGlobalSection
EndGlobal
